
Microsoft Visual Studio Solution File, Format Version 12.00
# Visual Studio 15
VisualStudioVersion = 15.0.28307.106
MinimumVisualStudioVersion = 10.0.40219.1
Project("{FAE04EC0-301F-11D3-BF4B-00C04F79EFBC}") = "bloque 1 formula E", "bloque 1 formula E\bloque 1 formula E.csproj", "{2AE614E7-98F9-4C0F-B151-341F78769C3C}"
EndProject
Global
	GlobalSection(SolutionConfigurationPlatforms) = preSolution
		Debug|Any CPU = Debug|Any CPU
		Release|Any CPU = Release|Any CPU
	EndGlobalSection
	GlobalSection(ProjectConfigurationPlatforms) = postSolution
		{2AE614E7-98F9-4C0F-B151-341F78769C3C}.Debug|Any CPU.ActiveCfg = Debug|Any CPU
		{2AE614E7-98F9-4C0F-B151-341F78769C3C}.Debug|Any CPU.Build.0 = Debug|Any CPU
		{2AE614E7-98F9-4C0F-B151-341F78769C3C}.Release|Any CPU.ActiveCfg = Release|Any CPU
		{2AE614E7-98F9-4C0F-B151-341F78769C3C}.Release|Any CPU.Build.0 = Release|Any CPU
	EndGlobalSection
	GlobalSection(SolutionProperties) = preSolution
		HideSolutionNode = FALSE
	EndGlobalSection
	GlobalSection(ExtensibilityGlobals) = postSolution
		SolutionGuid = {15BD2677-31B8-43B8-A434-63716DDD71B7}
	EndGlobalSection
EndGlobal
