
Microsoft Visual Studio Solution File, Format Version 12.00
# Visual Studio 15
VisualStudioVersion = 15.0.28307.106
MinimumVisualStudioVersion = 10.0.40219.1
Project("{FAE04EC0-301F-11D3-BF4B-00C04F79EFBC}") = "bloque 3 formula E", "bloque 3 formula E\bloque 3 formula E.csproj", "{3E25B122-9C33-4640-AF12-23B8A65EFE9A}"
EndProject
Global
	GlobalSection(SolutionConfigurationPlatforms) = preSolution
		Debug|Any CPU = Debug|Any CPU
		Release|Any CPU = Release|Any CPU
	EndGlobalSection
	GlobalSection(ProjectConfigurationPlatforms) = postSolution
		{3E25B122-9C33-4640-AF12-23B8A65EFE9A}.Debug|Any CPU.ActiveCfg = Debug|Any CPU
		{3E25B122-9C33-4640-AF12-23B8A65EFE9A}.Debug|Any CPU.Build.0 = Debug|Any CPU
		{3E25B122-9C33-4640-AF12-23B8A65EFE9A}.Release|Any CPU.ActiveCfg = Release|Any CPU
		{3E25B122-9C33-4640-AF12-23B8A65EFE9A}.Release|Any CPU.Build.0 = Release|Any CPU
	EndGlobalSection
	GlobalSection(SolutionProperties) = preSolution
		HideSolutionNode = FALSE
	EndGlobalSection
	GlobalSection(ExtensibilityGlobals) = postSolution
		SolutionGuid = {3B74E28B-D255-4677-922A-FE87BB9A8754}
	EndGlobalSection
EndGlobal
