
Microsoft Visual Studio Solution File, Format Version 12.00
# Visual Studio 15
VisualStudioVersion = 15.0.28307.106
MinimumVisualStudioVersion = 10.0.40219.1
Project("{FAE04EC0-301F-11D3-BF4B-00C04F79EFBC}") = "bloque 4 formula E", "bloque 4 formula E\bloque 4 formula E.csproj", "{AC58F0DF-6F7F-49E3-8EF4-0D12BF25699B}"
EndProject
Global
	GlobalSection(SolutionConfigurationPlatforms) = preSolution
		Debug|Any CPU = Debug|Any CPU
		Release|Any CPU = Release|Any CPU
	EndGlobalSection
	GlobalSection(ProjectConfigurationPlatforms) = postSolution
		{AC58F0DF-6F7F-49E3-8EF4-0D12BF25699B}.Debug|Any CPU.ActiveCfg = Debug|Any CPU
		{AC58F0DF-6F7F-49E3-8EF4-0D12BF25699B}.Debug|Any CPU.Build.0 = Debug|Any CPU
		{AC58F0DF-6F7F-49E3-8EF4-0D12BF25699B}.Release|Any CPU.ActiveCfg = Release|Any CPU
		{AC58F0DF-6F7F-49E3-8EF4-0D12BF25699B}.Release|Any CPU.Build.0 = Release|Any CPU
	EndGlobalSection
	GlobalSection(SolutionProperties) = preSolution
		HideSolutionNode = FALSE
	EndGlobalSection
	GlobalSection(ExtensibilityGlobals) = postSolution
		SolutionGuid = {C9EE6AF5-B39E-467F-A325-6DD2C7B94CB4}
	EndGlobalSection
EndGlobal
