
Microsoft Visual Studio Solution File, Format Version 12.00
# Visual Studio 15
VisualStudioVersion = 15.0.28307.106
MinimumVisualStudioVersion = 10.0.40219.1
Project("{FAE04EC0-301F-11D3-BF4B-00C04F79EFBC}") = "bloque 1 formula G", "bloque 1 formula G\bloque 1 formula G.csproj", "{18C1B254-C369-4B89-A5F7-AE9E69F821A8}"
EndProject
Global
	GlobalSection(SolutionConfigurationPlatforms) = preSolution
		Debug|Any CPU = Debug|Any CPU
		Release|Any CPU = Release|Any CPU
	EndGlobalSection
	GlobalSection(ProjectConfigurationPlatforms) = postSolution
		{18C1B254-C369-4B89-A5F7-AE9E69F821A8}.Debug|Any CPU.ActiveCfg = Debug|Any CPU
		{18C1B254-C369-4B89-A5F7-AE9E69F821A8}.Debug|Any CPU.Build.0 = Debug|Any CPU
		{18C1B254-C369-4B89-A5F7-AE9E69F821A8}.Release|Any CPU.ActiveCfg = Release|Any CPU
		{18C1B254-C369-4B89-A5F7-AE9E69F821A8}.Release|Any CPU.Build.0 = Release|Any CPU
	EndGlobalSection
	GlobalSection(SolutionProperties) = preSolution
		HideSolutionNode = FALSE
	EndGlobalSection
	GlobalSection(ExtensibilityGlobals) = postSolution
		SolutionGuid = {BE424141-CF9B-42CE-A688-C258F7BB4176}
	EndGlobalSection
EndGlobal
