
Microsoft Visual Studio Solution File, Format Version 12.00
# Visual Studio 15
VisualStudioVersion = 15.0.28307.106
MinimumVisualStudioVersion = 10.0.40219.1
Project("{FAE04EC0-301F-11D3-BF4B-00C04F79EFBC}") = "bloque 2 formula E", "bloque 2 formula E\bloque 2 formula E.csproj", "{6A49894D-1500-4E4B-82E4-84FF78CF06FA}"
EndProject
Global
	GlobalSection(SolutionConfigurationPlatforms) = preSolution
		Debug|Any CPU = Debug|Any CPU
		Release|Any CPU = Release|Any CPU
	EndGlobalSection
	GlobalSection(ProjectConfigurationPlatforms) = postSolution
		{6A49894D-1500-4E4B-82E4-84FF78CF06FA}.Debug|Any CPU.ActiveCfg = Debug|Any CPU
		{6A49894D-1500-4E4B-82E4-84FF78CF06FA}.Debug|Any CPU.Build.0 = Debug|Any CPU
		{6A49894D-1500-4E4B-82E4-84FF78CF06FA}.Release|Any CPU.ActiveCfg = Release|Any CPU
		{6A49894D-1500-4E4B-82E4-84FF78CF06FA}.Release|Any CPU.Build.0 = Release|Any CPU
	EndGlobalSection
	GlobalSection(SolutionProperties) = preSolution
		HideSolutionNode = FALSE
	EndGlobalSection
	GlobalSection(ExtensibilityGlobals) = postSolution
		SolutionGuid = {3E464268-F06D-49C1-924D-995800937BA7}
	EndGlobalSection
EndGlobal
