
Microsoft Visual Studio Solution File, Format Version 12.00
# Visual Studio 15
VisualStudioVersion = 15.0.28307.106
MinimumVisualStudioVersion = 10.0.40219.1
Project("{FAE04EC0-301F-11D3-BF4B-00C04F79EFBC}") = "bloque 3 formula B", "bloque 3 formula B\bloque 3 formula B.csproj", "{B4B5A960-01BB-44B6-9459-47D3F6D986F4}"
EndProject
Global
	GlobalSection(SolutionConfigurationPlatforms) = preSolution
		Debug|Any CPU = Debug|Any CPU
		Release|Any CPU = Release|Any CPU
	EndGlobalSection
	GlobalSection(ProjectConfigurationPlatforms) = postSolution
		{B4B5A960-01BB-44B6-9459-47D3F6D986F4}.Debug|Any CPU.ActiveCfg = Debug|Any CPU
		{B4B5A960-01BB-44B6-9459-47D3F6D986F4}.Debug|Any CPU.Build.0 = Debug|Any CPU
		{B4B5A960-01BB-44B6-9459-47D3F6D986F4}.Release|Any CPU.ActiveCfg = Release|Any CPU
		{B4B5A960-01BB-44B6-9459-47D3F6D986F4}.Release|Any CPU.Build.0 = Release|Any CPU
	EndGlobalSection
	GlobalSection(SolutionProperties) = preSolution
		HideSolutionNode = FALSE
	EndGlobalSection
	GlobalSection(ExtensibilityGlobals) = postSolution
		SolutionGuid = {C00D1F63-E35A-44BD-B64F-27C9D6DD49FE}
	EndGlobalSection
EndGlobal
