
Microsoft Visual Studio Solution File, Format Version 12.00
# Visual Studio 15
VisualStudioVersion = 15.0.28307.106
MinimumVisualStudioVersion = 10.0.40219.1
Project("{FAE04EC0-301F-11D3-BF4B-00C04F79EFBC}") = "bloque 3 formula G", "bloque 3 formula G\bloque 3 formula G.csproj", "{6BBCBA04-CFF9-434C-B530-8C4AB7833292}"
EndProject
Global
	GlobalSection(SolutionConfigurationPlatforms) = preSolution
		Debug|Any CPU = Debug|Any CPU
		Release|Any CPU = Release|Any CPU
	EndGlobalSection
	GlobalSection(ProjectConfigurationPlatforms) = postSolution
		{6BBCBA04-CFF9-434C-B530-8C4AB7833292}.Debug|Any CPU.ActiveCfg = Debug|Any CPU
		{6BBCBA04-CFF9-434C-B530-8C4AB7833292}.Debug|Any CPU.Build.0 = Debug|Any CPU
		{6BBCBA04-CFF9-434C-B530-8C4AB7833292}.Release|Any CPU.ActiveCfg = Release|Any CPU
		{6BBCBA04-CFF9-434C-B530-8C4AB7833292}.Release|Any CPU.Build.0 = Release|Any CPU
	EndGlobalSection
	GlobalSection(SolutionProperties) = preSolution
		HideSolutionNode = FALSE
	EndGlobalSection
	GlobalSection(ExtensibilityGlobals) = postSolution
		SolutionGuid = {3E57C967-CC16-41C8-AF68-463396A1173C}
	EndGlobalSection
EndGlobal
