
Microsoft Visual Studio Solution File, Format Version 12.00
# Visual Studio 15
VisualStudioVersion = 15.0.28307.106
MinimumVisualStudioVersion = 10.0.40219.1
Project("{FAE04EC0-301F-11D3-BF4B-00C04F79EFBC}") = "bloque 3 formula A", "bloque 3 formula A\bloque 3 formula A.csproj", "{3CEF7F4C-FEB3-4386-92EE-35A09BF9CFA5}"
EndProject
Global
	GlobalSection(SolutionConfigurationPlatforms) = preSolution
		Debug|Any CPU = Debug|Any CPU
		Release|Any CPU = Release|Any CPU
	EndGlobalSection
	GlobalSection(ProjectConfigurationPlatforms) = postSolution
		{3CEF7F4C-FEB3-4386-92EE-35A09BF9CFA5}.Debug|Any CPU.ActiveCfg = Debug|Any CPU
		{3CEF7F4C-FEB3-4386-92EE-35A09BF9CFA5}.Debug|Any CPU.Build.0 = Debug|Any CPU
		{3CEF7F4C-FEB3-4386-92EE-35A09BF9CFA5}.Release|Any CPU.ActiveCfg = Release|Any CPU
		{3CEF7F4C-FEB3-4386-92EE-35A09BF9CFA5}.Release|Any CPU.Build.0 = Release|Any CPU
	EndGlobalSection
	GlobalSection(SolutionProperties) = preSolution
		HideSolutionNode = FALSE
	EndGlobalSection
	GlobalSection(ExtensibilityGlobals) = postSolution
		SolutionGuid = {23EA61F6-9212-4B16-89D3-3AB6922E033C}
	EndGlobalSection
EndGlobal
